
Microsoft Visual Studio Solution File, Format Version 12.00
# Visual Studio 15
VisualStudioVersion = 15.0.28010.2036
MinimumVisualStudioVersion = 10.0.40219.1
Project("{FAE04EC0-301F-11D3-BF4B-00C04F79EFBC}") = "Cpp2CSharp", "Cpp2CSharp\Cpp2CSharp.csproj", "{E2C18DD0-2D00-44C0-86BD-7AC33472C5FE}"
EndProject
Global
	GlobalSection(SolutionConfigurationPlatforms) = preSolution
		Debug|Any CPU = Debug|Any CPU
		Release|Any CPU = Release|Any CPU
	EndGlobalSection
	GlobalSection(ProjectConfigurationPlatforms) = postSolution
		{E2C18DD0-2D00-44C0-86BD-7AC33472C5FE}.Debug|Any CPU.ActiveCfg = Debug|Any CPU
		{E2C18DD0-2D00-44C0-86BD-7AC33472C5FE}.Debug|Any CPU.Build.0 = Debug|Any CPU
		{E2C18DD0-2D00-44C0-86BD-7AC33472C5FE}.Release|Any CPU.ActiveCfg = Release|Any CPU
		{E2C18DD0-2D00-44C0-86BD-7AC33472C5FE}.Release|Any CPU.Build.0 = Release|Any CPU
	EndGlobalSection
	GlobalSection(SolutionProperties) = preSolution
		HideSolutionNode = FALSE
	EndGlobalSection
	GlobalSection(ExtensibilityGlobals) = postSolution
		SolutionGuid = {0A6ABA49-EB17-4E22-977C-CEEE27093361}
	EndGlobalSection
EndGlobal
